// !$*UTF8*$!
{
	archiveVersion = 1;
	classes = {
	};
	objectVersion = 47;
	objects = {

/* Begin PBXBuildFile section */
		2707293420F24C9E00DA051F /* unzip.c in Sources */ = {isa = PBXBuildFile; fileRef = 2707292A20F24C9E00DA051F /* unzip.c */; };
		2707293520F24C9E00DA051F /* zip.c in Sources */ = {isa = PBXBuildFile; fileRef = 2707292B20F24C9E00DA051F /* zip.c */; };
		2707293620F24C9E00DA051F /* ioapi.c in Sources */ = {isa = PBXBuildFile; fileRef = 2707292C20F24C9E00DA051F /* ioapi.c */; };
		2707293720F24C9E00DA051F /* mztools.c in Sources */ = {isa = PBXBuildFile; fileRef = 2707292D20F24C9E00DA051F /* mztools.c */; };
		2707293820F24C9E00DA051F /* ZipArchive.m in Sources */ = {isa = PBXBuildFile; fileRef = 2707293320F24C9E00DA051F /* ZipArchive.m */; settings = {COMPILER_FLAGS = "-fno-objc-arc"; }; };
		2707293C20F24DAD00DA051F /* track_data.dat in Resources */ = {isa = PBXBuildFile; fileRef = 2707293B20F24DAD00DA051F /* track_data.dat */; };
		2707294120F24F0D00DA051F /* bd.zip in Resources */ = {isa = PBXBuildFile; fileRef = 2707293D20F24F0C00DA051F /* bd.zip */; };
		2707294220F24F0D00DA051F /* hkbs.zip in Resources */ = {isa = PBXBuildFile; fileRef = 2707293E20F24F0C00DA051F /* hkbs.zip */; };
		2707294320F24F0D00DA051F /* lb.zip in Resources */ = {isa = PBXBuildFile; fileRef = 2707293F20F24F0D00DA051F /* lb.zip */; };
		2707294420F24F0D00DA051F /* bear.zip in Resources */ = {isa = PBXBuildFile; fileRef = 2707294020F24F0D00DA051F /* bear.zip */; };
		2707298C20F389C400DA051F /* ios.h264 in Resources */ = {isa = PBXBuildFile; fileRef = 2707297420F389C400DA051F /* ios.h264 */; };
		275299C72118368B00DD0403 /* LIveStartViewController.m in Sources */ = {isa = PBXBuildFile; fileRef = 6AB297E41F4D8A9C00115220 /* LIveStartViewController.m */; };
		275299C821183C0C00DD0403 /* libstdc++.tbd in Frameworks */ = {isa = PBXBuildFile; fileRef = 046F599D1E2E1C38007901EB /* libstdc++.tbd */; };
		275299C921183C1100DD0403 /* libz.tbd in Frameworks */ = {isa = PBXBuildFile; fileRef = C573F16F1D4B4146002607B6 /* libz.tbd */; };
		275299CA21183C9800DD0403 /* Accelerate.framework in Frameworks */ = {isa = PBXBuildFile; fileRef = 6A40DFCD1EE8E1320047E0F0 /* Accelerate.framework */; };
		276408AD21245D8600D6171E /* GJLiveEngine.framework in Frameworks */ = {isa = PBXBuildFile; fileRef = 276408AC21245D8600D6171E /* GJLiveEngine.framework */; };
		276408B82124611500D6171E /* SourceEditorExtension.m in Sources */ = {isa = PBXBuildFile; fileRef = 276408B72124611500D6171E /* SourceEditorExtension.m */; };
		276408BB2124611500D6171E /* SourceEditorCommand.m in Sources */ = {isa = PBXBuildFile; fileRef = 276408BA2124611500D6171E /* SourceEditorCommand.m */; };
		6A03892B1FF13004005AC7CE /* Particle.png in Resources */ = {isa = PBXBuildFile; fileRef = 6A03892A1FF13004005AC7CE /* Particle.png */; };
		6A04022020CA5A190098A86C /* GJLivePushViewController.m in Sources */ = {isa = PBXBuildFile; fileRef = 041702841E5FC3D100D5B5D9 /* GJLivePushViewController.m */; };
		6A3488431F453803008223AA /* 0.png in Resources */ = {isa = PBXBuildFile; fileRef = 6A34882B1F453803008223AA /* 0.png */; };
		6A3488441F453803008223AA /* 1.png in Resources */ = {isa = PBXBuildFile; fileRef = 6A34882C1F453803008223AA /* 1.png */; };
		6A3488451F453803008223AA /* 2.png in Resources */ = {isa = PBXBuildFile; fileRef = 6A34882D1F453803008223AA /* 2.png */; };
		6A3488461F453803008223AA /* 3.png in Resources */ = {isa = PBXBuildFile; fileRef = 6A34882E1F453803008223AA /* 3.png */; };
		6A3488471F453803008223AA /* 4.png in Resources */ = {isa = PBXBuildFile; fileRef = 6A34882F1F453803008223AA /* 4.png */; };
		6A3488481F453803008223AA /* 5.png in Resources */ = {isa = PBXBuildFile; fileRef = 6A3488301F453803008223AA /* 5.png */; };
		6A34884A1F453803008223AA /* index0.png in Resources */ = {isa = PBXBuildFile; fileRef = 6A3488321F453803008223AA /* index0.png */; };
		6A34884B1F453803008223AA /* index1.png in Resources */ = {isa = PBXBuildFile; fileRef = 6A3488331F453803008223AA /* index1.png */; };
		6A34884C1F453803008223AA /* index2.png in Resources */ = {isa = PBXBuildFile; fileRef = 6A3488341F453803008223AA /* index2.png */; };
		6A34884D1F453803008223AA /* index3.png in Resources */ = {isa = PBXBuildFile; fileRef = 6A3488351F453803008223AA /* index3.png */; };
		6A34884E1F453803008223AA /* index4.png in Resources */ = {isa = PBXBuildFile; fileRef = 6A3488361F453803008223AA /* index4.png */; };
		6A34884F1F453803008223AA /* index5.png in Resources */ = {isa = PBXBuildFile; fileRef = 6A3488371F453803008223AA /* index5.png */; };
		6A582239202AF473002AFF76 /* client.json in Resources */ = {isa = PBXBuildFile; fileRef = 6A582238202AF473002AFF76 /* client.json */; };
		6A7B2C671EFBBEF10036CE92 /* OrganRun.m4a in Resources */ = {isa = PBXBuildFile; fileRef = 6A7B2C661EFBBEF10036CE92 /* OrganRun.m4a */; };
		6A85F9951F00F0B10037A64F /* MixTest.mp3 in Resources */ = {isa = PBXBuildFile; fileRef = 6A85F9941F00F0B00037A64F /* MixTest.mp3 */; };
		6AF9DDB91FA976A100F6B4F7 /* GJSunSystemARScene.m in Sources */ = {isa = PBXBuildFile; fileRef = 6AF9DDB81FA976A100F6B4F7 /* GJSunSystemARScene.m */; };
		6AF9DDBB1FA97A6000F6B4F7 /* art.scnassets in Resources */ = {isa = PBXBuildFile; fileRef = 6AF9DDBA1FA97A5F00F6B4F7 /* art.scnassets */; };
		C561AC9B1D51D3DC00113453 /* AppDelegate.m in Sources */ = {isa = PBXBuildFile; fileRef = C561ABEB1D51D3DC00113453 /* AppDelegate.m */; };
		C561AC9C1D51D3DC00113453 /* Assets.xcassets in Resources */ = {isa = PBXBuildFile; fileRef = C561ABEC1D51D3DC00113453 /* Assets.xcassets */; };
		C561ACA31D51D3DC00113453 /* LaunchScreen.storyboard in Resources */ = {isa = PBXBuildFile; fileRef = C561ABFA1D51D3DC00113453 /* LaunchScreen.storyboard */; };
		C561ACA41D51D3DC00113453 /* Main.storyboard in Resources */ = {isa = PBXBuildFile; fileRef = C561ABFC1D51D3DC00113453 /* Main.storyboard */; };
		C561ACB51D51D3DC00113453 /* main.m in Sources */ = {isa = PBXBuildFile; fileRef = C561AC8C1D51D3DC00113453 /* main.m */; };
/* End PBXBuildFile section */

/* Begin PBXContainerItemProxy section */
		276408C12124613E00D6171E /* PBXContainerItemProxy */ = {
			isa = PBXContainerItemProxy;
			containerPortal = C54FA8A01D21006000A0D3C3 /* Project object */;
			proxyType = 1;
			remoteGlobalIDString = 276408B12124611500D6171E;
			remoteInfo = GJCaptureToolConfig;
		};
		27BD9BA721193877006300A6 /* PBXContainerItemProxy */ = {
			isa = PBXContainerItemProxy;
			containerPortal = 27BD9B9921193876006300A6 /* GJLiveEngine.xcodeproj */;
			proxyType = 2;
			remoteGlobalIDString = 279AC67F2117E86600F5FD7C;
			remoteInfo = GJLiveEngine;
		};
		27BD9BA921193877006300A6 /* PBXContainerItemProxy */ = {
			isa = PBXContainerItemProxy;
			containerPortal = 27BD9B9921193876006300A6 /* GJLiveEngine.xcodeproj */;
			proxyType = 2;
			remoteGlobalIDString = 27BD9B53211878DF006300A6;
			remoteInfo = GJLiveEngineConfigure;
		};
/* End PBXContainerItemProxy section */

/* Begin PBXFileReference section */
		040EBEC81DFFD2660040AED0 /* GJCaptureTool.entitlements */ = {isa = PBXFileReference; lastKnownFileType = text.plist.entitlements; path = GJCaptureTool.entitlements; sourceTree = "<group>"; };
		041702831E5FC3D100D5B5D9 /* GJLivePushViewController.h */ = {isa = PBXFileReference; fileEncoding = 4; lastKnownFileType = sourcecode.c.h; path = GJLivePushViewController.h; sourceTree = "<group>"; };
		041702841E5FC3D100D5B5D9 /* GJLivePushViewController.m */ = {isa = PBXFileReference; fileEncoding = 4; lastKnownFileType = sourcecode.c.objc; path = GJLivePushViewController.m; sourceTree = "<group>"; };
		046F599D1E2E1C38007901EB /* libstdc++.tbd */ = {isa = PBXFileReference; lastKnownFileType = "sourcecode.text-based-dylib-definition"; name = "libstdc++.tbd"; path = "usr/lib/libstdc++.tbd"; sourceTree = SDKROOT; };
		2707292820F24C9E00DA051F /* ZipArchive.h */ = {isa = PBXFileReference; fileEncoding = 4; lastKnownFileType = sourcecode.c.h; path = ZipArchive.h; sourceTree = "<group>"; };
		2707292A20F24C9E00DA051F /* unzip.c */ = {isa = PBXFileReference; fileEncoding = 4; lastKnownFileType = sourcecode.c.c; path = unzip.c; sourceTree = "<group>"; };
		2707292B20F24C9E00DA051F /* zip.c */ = {isa = PBXFileReference; fileEncoding = 4; lastKnownFileType = sourcecode.c.c; path = zip.c; sourceTree = "<group>"; };
		2707292C20F24C9E00DA051F /* ioapi.c */ = {isa = PBXFileReference; fileEncoding = 4; lastKnownFileType = sourcecode.c.c; path = ioapi.c; sourceTree = "<group>"; };
		2707292D20F24C9E00DA051F /* mztools.c */ = {isa = PBXFileReference; fileEncoding = 4; lastKnownFileType = sourcecode.c.c; path = mztools.c; sourceTree = "<group>"; };
		2707292E20F24C9E00DA051F /* crypt.h */ = {isa = PBXFileReference; fileEncoding = 4; lastKnownFileType = sourcecode.c.h; path = crypt.h; sourceTree = "<group>"; };
		2707292F20F24C9E00DA051F /* zip.h */ = {isa = PBXFileReference; fileEncoding = 4; lastKnownFileType = sourcecode.c.h; path = zip.h; sourceTree = "<group>"; };
		2707293020F24C9E00DA051F /* unzip.h */ = {isa = PBXFileReference; fileEncoding = 4; lastKnownFileType = sourcecode.c.h; path = unzip.h; sourceTree = "<group>"; };
		2707293120F24C9E00DA051F /* mztools.h */ = {isa = PBXFileReference; fileEncoding = 4; lastKnownFileType = sourcecode.c.h; path = mztools.h; sourceTree = "<group>"; };
		2707293220F24C9E00DA051F /* ioapi.h */ = {isa = PBXFileReference; fileEncoding = 4; lastKnownFileType = sourcecode.c.h; path = ioapi.h; sourceTree = "<group>"; };
		2707293320F24C9E00DA051F /* ZipArchive.m */ = {isa = PBXFileReference; fileEncoding = 4; lastKnownFileType = sourcecode.c.objc; path = ZipArchive.m; sourceTree = "<group>"; };
		2707293B20F24DAD00DA051F /* track_data.dat */ = {isa = PBXFileReference; lastKnownFileType = file; path = track_data.dat; sourceTree = "<group>"; };
		2707293D20F24F0C00DA051F /* bd.zip */ = {isa = PBXFileReference; lastKnownFileType = archive.zip; path = bd.zip; sourceTree = "<group>"; };
		2707293E20F24F0C00DA051F /* hkbs.zip */ = {isa = PBXFileReference; lastKnownFileType = archive.zip; path = hkbs.zip; sourceTree = "<group>"; };
		2707293F20F24F0D00DA051F /* lb.zip */ = {isa = PBXFileReference; lastKnownFileType = archive.zip; path = lb.zip; sourceTree = "<group>"; };
		2707294020F24F0D00DA051F /* bear.zip */ = {isa = PBXFileReference; lastKnownFileType = archive.zip; path = bear.zip; sourceTree = "<group>"; };
		2707297420F389C400DA051F /* ios.h264 */ = {isa = PBXFileReference; lastKnownFileType = file; path = ios.h264; sourceTree = "<group>"; };
		27529A2121184C8700DD0403 /* g711.cpp */ = {isa = PBXFileReference; fileEncoding = 4; lastKnownFileType = sourcecode.cpp.cpp; path = g711.cpp; sourceTree = "<group>"; };
		27529A2221184C8700DD0403 /* PlayMediaDecodec.cpp */ = {isa = PBXFileReference; fileEncoding = 4; lastKnownFileType = sourcecode.cpp.cpp; path = PlayMediaDecodec.cpp; sourceTree = "<group>"; };
		27529A2321184C8700DD0403 /* mp4.h */ = {isa = PBXFileReference; fileEncoding = 4; lastKnownFileType = sourcecode.c.h; path = mp4.h; sourceTree = "<group>"; };
		27529A2421184C8700DD0403 /* aac.h */ = {isa = PBXFileReference; fileEncoding = 4; lastKnownFileType = sourcecode.c.h; path = aac.h; sourceTree = "<group>"; };
		27529A2521184C8700DD0403 /* mp4.cpp */ = {isa = PBXFileReference; fileEncoding = 4; lastKnownFileType = sourcecode.cpp.cpp; path = mp4.cpp; sourceTree = "<group>"; };
		27529A2621184C8700DD0403 /* audio_ffmpeg.h */ = {isa = PBXFileReference; fileEncoding = 4; lastKnownFileType = sourcecode.c.h; path = audio_ffmpeg.h; sourceTree = "<group>"; };
		27529A2721184C8700DD0403 /* PlayMediaEncode.cpp */ = {isa = PBXFileReference; fileEncoding = 4; lastKnownFileType = sourcecode.cpp.cpp; path = PlayMediaEncode.cpp; sourceTree = "<group>"; };
		27529A2821184C8700DD0403 /* aac.cpp */ = {isa = PBXFileReference; fileEncoding = 4; lastKnownFileType = sourcecode.cpp.cpp; path = aac.cpp; sourceTree = "<group>"; };
		27529A2921184C8700DD0403 /* PlayMediaFormat.cpp */ = {isa = PBXFileReference; fileEncoding = 4; lastKnownFileType = sourcecode.cpp.cpp; path = PlayMediaFormat.cpp; sourceTree = "<group>"; };
		27529A2A21184C8700DD0403 /* g711.h */ = {isa = PBXFileReference; fileEncoding = 4; lastKnownFileType = sourcecode.c.h; path = g711.h; sourceTree = "<group>"; };
		27529A2B21184C8700DD0403 /* PlayMediaSDK.h */ = {isa = PBXFileReference; fileEncoding = 4; lastKnownFileType = sourcecode.c.h; path = PlayMediaSDK.h; sourceTree = "<group>"; };
		27529A2C21184C8700DD0403 /* PlayMediaSDK.cpp */ = {isa = PBXFileReference; fileEncoding = 4; lastKnownFileType = sourcecode.cpp.cpp; path = PlayMediaSDK.cpp; sourceTree = "<group>"; };
		27529A2D21184C8700DD0403 /* audio_ffmpeg.cpp */ = {isa = PBXFileReference; fileEncoding = 4; lastKnownFileType = sourcecode.cpp.cpp; path = audio_ffmpeg.cpp; sourceTree = "<group>"; };
		27529A2F21184C8700DD0403 /* OpenGLView20.m */ = {isa = PBXFileReference; fileEncoding = 4; lastKnownFileType = sourcecode.c.objc; path = OpenGLView20.m; sourceTree = "<group>"; };
		27529A3021184C8700DD0403 /* OpenGLView20.h */ = {isa = PBXFileReference; fileEncoding = 4; lastKnownFileType = sourcecode.c.h; path = OpenGLView20.h; sourceTree = "<group>"; };
		276408AC21245D8600D6171E /* GJLiveEngine.framework */ = {isa = PBXFileReference; lastKnownFileType = wrapper.framework; name = GJLiveEngine.framework; path = GJLiveEngine/GJLiveEngine.framework; sourceTree = "<group>"; };
		276408B22124611500D6171E /* GJCaptureToolConfig.appex */ = {isa = PBXFileReference; explicitFileType = "wrapper.app-extension"; includeInIndex = 0; path = GJCaptureToolConfig.appex; sourceTree = BUILT_PRODUCTS_DIR; };
		276408B62124611500D6171E /* SourceEditorExtension.h */ = {isa = PBXFileReference; lastKnownFileType = sourcecode.c.h; path = SourceEditorExtension.h; sourceTree = "<group>"; };
		276408B72124611500D6171E /* SourceEditorExtension.m */ = {isa = PBXFileReference; lastKnownFileType = sourcecode.c.objc; path = SourceEditorExtension.m; sourceTree = "<group>"; };
		276408B92124611500D6171E /* SourceEditorCommand.h */ = {isa = PBXFileReference; lastKnownFileType = sourcecode.c.h; path = SourceEditorCommand.h; sourceTree = "<group>"; };
		276408BA2124611500D6171E /* SourceEditorCommand.m */ = {isa = PBXFileReference; lastKnownFileType = sourcecode.c.objc; path = SourceEditorCommand.m; sourceTree = "<group>"; };
		276408BC2124611500D6171E /* Info.plist */ = {isa = PBXFileReference; lastKnownFileType = text.plist.xml; path = Info.plist; sourceTree = "<group>"; };
		276408BD2124611500D6171E /* GJCaptureToolConfig.entitlements */ = {isa = PBXFileReference; lastKnownFileType = text.plist.entitlements; path = GJCaptureToolConfig.entitlements; sourceTree = "<group>"; };
		27BD9B9921193876006300A6 /* GJLiveEngine.xcodeproj */ = {isa = PBXFileReference; lastKnownFileType = "wrapper.pb-project"; name = GJLiveEngine.xcodeproj; path = ../GJLiveEngine/GJLiveEngine.xcodeproj; sourceTree = "<group>"; };
		27BD9BAB2119769C006300A6 /* StreamAddr.h */ = {isa = PBXFileReference; lastKnownFileType = sourcecode.c.h; path = StreamAddr.h; sourceTree = "<group>"; };
		6A03892A1FF13004005AC7CE /* Particle.png */ = {isa = PBXFileReference; lastKnownFileType = image.png; path = Particle.png; sourceTree = "<group>"; };
		6A34882B1F453803008223AA /* 0.png */ = {isa = PBXFileReference; lastKnownFileType = image.png; path = 0.png; sourceTree = "<group>"; };
		6A34882C1F453803008223AA /* 1.png */ = {isa = PBXFileReference; lastKnownFileType = image.png; path = 1.png; sourceTree = "<group>"; };
		6A34882D1F453803008223AA /* 2.png */ = {isa = PBXFileReference; lastKnownFileType = image.png; path = 2.png; sourceTree = "<group>"; };
		6A34882E1F453803008223AA /* 3.png */ = {isa = PBXFileReference; lastKnownFileType = image.png; path = 3.png; sourceTree = "<group>"; };
		6A34882F1F453803008223AA /* 4.png */ = {isa = PBXFileReference; lastKnownFileType = image.png; path = 4.png; sourceTree = "<group>"; };
		6A3488301F453803008223AA /* 5.png */ = {isa = PBXFileReference; lastKnownFileType = image.png; path = 5.png; sourceTree = "<group>"; };
		6A3488321F453803008223AA /* index0.png */ = {isa = PBXFileReference; lastKnownFileType = image.png; path = index0.png; sourceTree = "<group>"; };
		6A3488331F453803008223AA /* index1.png */ = {isa = PBXFileReference; lastKnownFileType = image.png; path = index1.png; sourceTree = "<group>"; };
		6A3488341F453803008223AA /* index2.png */ = {isa = PBXFileReference; lastKnownFileType = image.png; path = index2.png; sourceTree = "<group>"; };
		6A3488351F453803008223AA /* index3.png */ = {isa = PBXFileReference; lastKnownFileType = image.png; path = index3.png; sourceTree = "<group>"; };
		6A3488361F453803008223AA /* index4.png */ = {isa = PBXFileReference; lastKnownFileType = image.png; path = index4.png; sourceTree = "<group>"; };
		6A3488371F453803008223AA /* index5.png */ = {isa = PBXFileReference; lastKnownFileType = image.png; path = index5.png; sourceTree = "<group>"; };
		6A40DFCD1EE8E1320047E0F0 /* Accelerate.framework */ = {isa = PBXFileReference; lastKnownFileType = wrapper.framework; name = Accelerate.framework; path = System/Library/Frameworks/Accelerate.framework; sourceTree = SDKROOT; };
		6A582238202AF473002AFF76 /* client.json */ = {isa = PBXFileReference; fileEncoding = 4; lastKnownFileType = text.json; path = client.json; sourceTree = "<group>"; };
		6A7B2C661EFBBEF10036CE92 /* OrganRun.m4a */ = {isa = PBXFileReference; lastKnownFileType = file; path = OrganRun.m4a; sourceTree = "<group>"; };
		6A85F9941F00F0B00037A64F /* MixTest.mp3 */ = {isa = PBXFileReference; lastKnownFileType = audio.mp3; path = MixTest.mp3; sourceTree = "<group>"; };
		6AB297E31F4D8A9C00115220 /* LIveStartViewController.h */ = {isa = PBXFileReference; fileEncoding = 4; lastKnownFileType = sourcecode.c.h; path = LIveStartViewController.h; sourceTree = "<group>"; };
		6AB297E41F4D8A9C00115220 /* LIveStartViewController.m */ = {isa = PBXFileReference; fileEncoding = 4; lastKnownFileType = sourcecode.c.objc; path = LIveStartViewController.m; sourceTree = "<group>"; };
		6AF9DDB51FA9763C00F6B4F7 /* SCNViewController.h */ = {isa = PBXFileReference; fileEncoding = 4; lastKnownFileType = sourcecode.c.h; path = SCNViewController.h; sourceTree = "<group>"; };
		6AF9DDB71FA976A100F6B4F7 /* GJSunSystemARScene.h */ = {isa = PBXFileReference; lastKnownFileType = sourcecode.c.h; path = GJSunSystemARScene.h; sourceTree = "<group>"; };
		6AF9DDB81FA976A100F6B4F7 /* GJSunSystemARScene.m */ = {isa = PBXFileReference; lastKnownFileType = sourcecode.c.objc; path = GJSunSystemARScene.m; sourceTree = "<group>"; };
		6AF9DDBA1FA97A5F00F6B4F7 /* art.scnassets */ = {isa = PBXFileReference; lastKnownFileType = wrapper.scnassets; path = art.scnassets; sourceTree = "<group>"; };
		C54FA8A81D21006000A0D3C3 /* GJCaptureTool.app */ = {isa = PBXFileReference; explicitFileType = wrapper.application; includeInIndex = 0; path = GJCaptureTool.app; sourceTree = BUILT_PRODUCTS_DIR; };
		C561ABEA1D51D3DC00113453 /* AppDelegate.h */ = {isa = PBXFileReference; fileEncoding = 4; lastKnownFileType = sourcecode.c.h; path = AppDelegate.h; sourceTree = "<group>"; };
		C561ABEB1D51D3DC00113453 /* AppDelegate.m */ = {isa = PBXFileReference; fileEncoding = 4; lastKnownFileType = sourcecode.c.objc; path = AppDelegate.m; sourceTree = "<group>"; };
		C561ABEC1D51D3DC00113453 /* Assets.xcassets */ = {isa = PBXFileReference; lastKnownFileType = folder.assetcatalog; path = Assets.xcassets; sourceTree = "<group>"; };
		C561ABFB1D51D3DC00113453 /* Base */ = {isa = PBXFileReference; lastKnownFileType = file.storyboard; name = Base; path = Base.lproj/LaunchScreen.storyboard; sourceTree = "<group>"; };
		C561ABFD1D51D3DC00113453 /* Base */ = {isa = PBXFileReference; lastKnownFileType = file.storyboard; name = Base; path = Base.lproj/Main.storyboard; sourceTree = "<group>"; };
		C561AC8B1D51D3DC00113453 /* Info.plist */ = {isa = PBXFileReference; fileEncoding = 4; lastKnownFileType = text.plist.xml; path = Info.plist; sourceTree = "<group>"; };
		C561AC8C1D51D3DC00113453 /* main.m */ = {isa = PBXFileReference; fileEncoding = 4; lastKnownFileType = sourcecode.c.objc; path = main.m; sourceTree = "<group>"; };
		C561AC931D51D3DC00113453 /* ViewController.h */ = {isa = PBXFileReference; fileEncoding = 4; lastKnownFileType = sourcecode.c.h; path = ViewController.h; sourceTree = "<group>"; };
		C561AC941D51D3DC00113453 /* ViewController.mm */ = {isa = PBXFileReference; fileEncoding = 4; lastKnownFileType = sourcecode.cpp.objcpp; path = ViewController.mm; sourceTree = "<group>"; };
		C573F16F1D4B4146002607B6 /* libz.tbd */ = {isa = PBXFileReference; lastKnownFileType = "sourcecode.text-based-dylib-definition"; name = libz.tbd; path = usr/lib/libz.tbd; sourceTree = SDKROOT; };
/* End PBXFileReference section */

/* Begin PBXFrameworksBuildPhase section */
		276408AF2124611500D6171E /* Frameworks */ = {
			isa = PBXFrameworksBuildPhase;
			buildActionMask = 2147483647;
			files = (
			);
			runOnlyForDeploymentPostprocessing = 0;
		};
		C54FA8A51D21006000A0D3C3 /* Frameworks */ = {
			isa = PBXFrameworksBuildPhase;
			buildActionMask = 2147483647;
			files = (
				276408AD21245D8600D6171E /* GJLiveEngine.framework in Frameworks */,
				275299CA21183C9800DD0403 /* Accelerate.framework in Frameworks */,
				275299C921183C1100DD0403 /* libz.tbd in Frameworks */,
				275299C821183C0C00DD0403 /* libstdc++.tbd in Frameworks */,
			);
			runOnlyForDeploymentPostprocessing = 0;
		};
/* End PBXFrameworksBuildPhase section */

/* Begin PBXGroup section */
		2707292720F24C9E00DA051F /* ZipArchive */ = {
			isa = PBXGroup;
			children = (
				2707292820F24C9E00DA051F /* ZipArchive.h */,
				2707292920F24C9E00DA051F /* minizip */,
				2707293320F24C9E00DA051F /* ZipArchive.m */,
			);
			path = ZipArchive;
			sourceTree = "<group>";
		};
		2707292920F24C9E00DA051F /* minizip */ = {
			isa = PBXGroup;
			children = (
				2707292A20F24C9E00DA051F /* unzip.c */,
				2707292B20F24C9E00DA051F /* zip.c */,
				2707292C20F24C9E00DA051F /* ioapi.c */,
				2707292D20F24C9E00DA051F /* mztools.c */,
				2707292E20F24C9E00DA051F /* crypt.h */,
				2707292F20F24C9E00DA051F /* zip.h */,
				2707293020F24C9E00DA051F /* unzip.h */,
				2707293120F24C9E00DA051F /* mztools.h */,
				2707293220F24C9E00DA051F /* ioapi.h */,
			);
			path = minizip;
			sourceTree = "<group>";
		};
		27529A1E21184B2600DD0403 /* Resource */ = {
			isa = PBXGroup;
			children = (
				6A34882A1F453803008223AA /* Image */,
				6A85F9941F00F0B00037A64F /* MixTest.mp3 */,
				2707297420F389C400DA051F /* ios.h264 */,
				2707293D20F24F0C00DA051F /* bd.zip */,
				2707294020F24F0D00DA051F /* bear.zip */,
				2707293E20F24F0C00DA051F /* hkbs.zip */,
				2707293F20F24F0D00DA051F /* lb.zip */,
				2707293B20F24DAD00DA051F /* track_data.dat */,
				6A582238202AF473002AFF76 /* client.json */,
				6A03892A1FF13004005AC7CE /* Particle.png */,
				6AF9DDBA1FA97A5F00F6B4F7 /* art.scnassets */,
				C561ABEC1D51D3DC00113453 /* Assets.xcassets */,
				6A7B2C661EFBBEF10036CE92 /* OrganRun.m4a */,
			);
			path = Resource;
			sourceTree = "<group>";
		};
		27529A1F21184C8700DD0403 /* Discard */ = {
			isa = PBXGroup;
			children = (
				27529A2021184C8700DD0403 /* PlayMediaSDK */,
				27529A2E21184C8700DD0403 /* OpenGLPlayer */,
				27BD9BAB2119769C006300A6 /* StreamAddr.h */,
			);
			path = Discard;
			sourceTree = "<group>";
		};
		27529A2021184C8700DD0403 /* PlayMediaSDK */ = {
			isa = PBXGroup;
			children = (
				27529A2121184C8700DD0403 /* g711.cpp */,
				27529A2221184C8700DD0403 /* PlayMediaDecodec.cpp */,
				27529A2321184C8700DD0403 /* mp4.h */,
				27529A2421184C8700DD0403 /* aac.h */,
				27529A2521184C8700DD0403 /* mp4.cpp */,
				27529A2621184C8700DD0403 /* audio_ffmpeg.h */,
				27529A2721184C8700DD0403 /* PlayMediaEncode.cpp */,
				27529A2821184C8700DD0403 /* aac.cpp */,
				27529A2921184C8700DD0403 /* PlayMediaFormat.cpp */,
				27529A2A21184C8700DD0403 /* g711.h */,
				27529A2B21184C8700DD0403 /* PlayMediaSDK.h */,
				27529A2C21184C8700DD0403 /* PlayMediaSDK.cpp */,
				27529A2D21184C8700DD0403 /* audio_ffmpeg.cpp */,
			);
			path = PlayMediaSDK;
			sourceTree = "<group>";
		};
		27529A2E21184C8700DD0403 /* OpenGLPlayer */ = {
			isa = PBXGroup;
			children = (
				27529A2F21184C8700DD0403 /* OpenGLView20.m */,
				27529A3021184C8700DD0403 /* OpenGLView20.h */,
			);
			path = OpenGLPlayer;
			sourceTree = "<group>";
		};
		27529A45211851B700DD0403 /* Support Files */ = {
			isa = PBXGroup;
			children = (
				C561AC8C1D51D3DC00113453 /* main.m */,
				040EBEC81DFFD2660040AED0 /* GJCaptureTool.entitlements */,
				C561ABFA1D51D3DC00113453 /* LaunchScreen.storyboard */,
				C561ABFC1D51D3DC00113453 /* Main.storyboard */,
				C561AC8B1D51D3DC00113453 /* Info.plist */,
			);
			path = "Support Files";
			sourceTree = "<group>";
		};
		276408B52124611500D6171E /* GJCaptureToolConfig */ = {
			isa = PBXGroup;
			children = (
				276408B62124611500D6171E /* SourceEditorExtension.h */,
				276408B72124611500D6171E /* SourceEditorExtension.m */,
				276408B92124611500D6171E /* SourceEditorCommand.h */,
				276408BA2124611500D6171E /* SourceEditorCommand.m */,
				276408BC2124611500D6171E /* Info.plist */,
				276408BD2124611500D6171E /* GJCaptureToolConfig.entitlements */,
			);
			path = GJCaptureToolConfig;
			sourceTree = "<group>";
		};
		27BD9B9A21193876006300A6 /* Products */ = {
			isa = PBXGroup;
			children = (
				27BD9BA821193877006300A6 /* GJLiveEngine.framework */,
				27BD9BAA21193877006300A6 /* GJLiveEngineConfigure.kext */,
			);
			name = Products;
			sourceTree = "<group>";
		};
		6A34882A1F453803008223AA /* Image */ = {
			isa = PBXGroup;
			children = (
				6A34882B1F453803008223AA /* 0.png */,
				6A34882C1F453803008223AA /* 1.png */,
				6A34882D1F453803008223AA /* 2.png */,
				6A34882E1F453803008223AA /* 3.png */,
				6A34882F1F453803008223AA /* 4.png */,
				6A3488301F453803008223AA /* 5.png */,
				6A3488321F453803008223AA /* index0.png */,
				6A3488331F453803008223AA /* index1.png */,
				6A3488341F453803008223AA /* index2.png */,
				6A3488351F453803008223AA /* index3.png */,
				6A3488361F453803008223AA /* index4.png */,
				6A3488371F453803008223AA /* index5.png */,
			);
			path = Image;
			sourceTree = "<group>";
		};
		AEFEF2291DB3B9A80004CF39 /* Frameworks */ = {
			isa = PBXGroup;
			children = (
				276408AC21245D8600D6171E /* GJLiveEngine.framework */,
				6A40DFCD1EE8E1320047E0F0 /* Accelerate.framework */,
				C573F16F1D4B4146002607B6 /* libz.tbd */,
				046F599D1E2E1C38007901EB /* libstdc++.tbd */,
			);
			name = Frameworks;
			sourceTree = "<group>";
		};
		C54FA89F1D21006000A0D3C3 = {
			isa = PBXGroup;
			children = (
				27BD9B9921193876006300A6 /* GJLiveEngine.xcodeproj */,
				C561ABE91D51D3DC00113453 /* GJCaptureTool */,
				276408B52124611500D6171E /* GJCaptureToolConfig */,
				C54FA8A91D21006000A0D3C3 /* Products */,
				AEFEF2291DB3B9A80004CF39 /* Frameworks */,
			);
			sourceTree = "<group>";
		};
		C54FA8A91D21006000A0D3C3 /* Products */ = {
			isa = PBXGroup;
			children = (
				C54FA8A81D21006000A0D3C3 /* GJCaptureTool.app */,
				276408B22124611500D6171E /* GJCaptureToolConfig.appex */,
			);
			name = Products;
			sourceTree = "<group>";
		};
		C561ABE91D51D3DC00113453 /* GJCaptureTool */ = {
			isa = PBXGroup;
			children = (
				27529A1F21184C8700DD0403 /* Discard */,
				27529A1E21184B2600DD0403 /* Resource */,
				2707292720F24C9E00DA051F /* ZipArchive */,
				27529A45211851B700DD0403 /* Support Files */,
				C561ABEA1D51D3DC00113453 /* AppDelegate.h */,
				C561ABEB1D51D3DC00113453 /* AppDelegate.m */,
				C561AC931D51D3DC00113453 /* ViewController.h */,
				C561AC941D51D3DC00113453 /* ViewController.mm */,
				6AF9DDB51FA9763C00F6B4F7 /* SCNViewController.h */,
				6AF9DDB71FA976A100F6B4F7 /* GJSunSystemARScene.h */,
				6AF9DDB81FA976A100F6B4F7 /* GJSunSystemARScene.m */,
				041702831E5FC3D100D5B5D9 /* GJLivePushViewController.h */,
				041702841E5FC3D100D5B5D9 /* GJLivePushViewController.m */,
				6AB297E31F4D8A9C00115220 /* LIveStartViewController.h */,
				6AB297E41F4D8A9C00115220 /* LIveStartViewController.m */,
			);
			path = GJCaptureTool;
			sourceTree = "<group>";
		};
/* End PBXGroup section */

/* Begin PBXNativeTarget section */
		276408B12124611500D6171E /* GJCaptureToolConfig */ = {
			isa = PBXNativeTarget;
			buildConfigurationList = 276408BE2124611500D6171E /* Build configuration list for PBXNativeTarget "GJCaptureToolConfig" */;
			buildPhases = (
				276408AE2124611500D6171E /* Sources */,
				276408AF2124611500D6171E /* Frameworks */,
				276408B02124611500D6171E /* Resources */,
				276408C32124615A00D6171E /* ShellScript */,
			);
			buildRules = (
			);
			dependencies = (
			);
			name = GJCaptureToolConfig;
			productName = GJCaptureToolConfig;
			productReference = 276408B22124611500D6171E /* GJCaptureToolConfig.appex */;
			productType = "com.apple.product-type.xcode-extension";
		};
		C54FA8A71D21006000A0D3C3 /* GJCaptureTool */ = {
			isa = PBXNativeTarget;
			buildConfigurationList = C54FA8BF1D21006100A0D3C3 /* Build configuration list for PBXNativeTarget "GJCaptureTool" */;
			buildPhases = (
				C54FA8A41D21006000A0D3C3 /* Sources */,
				C54FA8A51D21006000A0D3C3 /* Frameworks */,
				C54FA8A61D21006000A0D3C3 /* Resources */,
			);
			buildRules = (
			);
			dependencies = (
				276408C22124613E00D6171E /* PBXTargetDependency */,
			);
			name = GJCaptureTool;
			productName = media;
			productReference = C54FA8A81D21006000A0D3C3 /* GJCaptureTool.app */;
			productType = "com.apple.product-type.application";
		};
/* End PBXNativeTarget section */

/* Begin PBXProject section */
		C54FA8A01D21006000A0D3C3 /* Project object */ = {
			isa = PBXProject;
			attributes = {
				LastUpgradeCheck = 0830;
				ORGANIZATIONNAME = MinorUncle;
				TargetAttributes = {
					276408B12124611500D6171E = {
						CreatedOnToolsVersion = 9.4.1;
						DevelopmentTeam = 9VXBV77545;
						ProvisioningStyle = Automatic;
					};
					C54FA8A71D21006000A0D3C3 = {
						CreatedOnToolsVersion = 7.3;
						DevelopmentTeam = K7MDP8Y272;
						ProvisioningStyle = Automatic;
						SystemCapabilities = {
							com.apple.BackgroundModes = {
								enabled = 1;
							};
							com.apple.Keychain = {
								enabled = 0;
							};
							com.apple.WAC = {
								enabled = 0;
							};
						};
					};
				};
			};
			buildConfigurationList = C54FA8A31D21006000A0D3C3 /* Build configuration list for PBXProject "GJCaptureTool" */;
			compatibilityVersion = "Xcode 6.3";
			developmentRegion = English;
			hasScannedForEncodings = 0;
			knownRegions = (
				en,
				Base,
			);
			mainGroup = C54FA89F1D21006000A0D3C3;
			productRefGroup = C54FA8A91D21006000A0D3C3 /* Products */;
			projectDirPath = "";
			projectReferences = (
				{
					ProductGroup = 27BD9B9A21193876006300A6 /* Products */;
					ProjectRef = 27BD9B9921193876006300A6 /* GJLiveEngine.xcodeproj */;
				},
			);
			projectRoot = "";
			targets = (
				C54FA8A71D21006000A0D3C3 /* GJCaptureTool */,
				276408B12124611500D6171E /* GJCaptureToolConfig */,
			);
		};
/* End PBXProject section */

/* Begin PBXReferenceProxy section */
		27BD9BA821193877006300A6 /* GJLiveEngine.framework */ = {
			isa = PBXReferenceProxy;
			fileType = wrapper.framework;
			path = GJLiveEngine.framework;
			remoteRef = 27BD9BA721193877006300A6 /* PBXContainerItemProxy */;
			sourceTree = BUILT_PRODUCTS_DIR;
		};
		27BD9BAA21193877006300A6 /* GJLiveEngineConfigure.kext */ = {
			isa = PBXReferenceProxy;
			fileType = wrapper.cfbundle;
			path = GJLiveEngineConfigure.kext;
			remoteRef = 27BD9BA921193877006300A6 /* PBXContainerItemProxy */;
			sourceTree = BUILT_PRODUCTS_DIR;
		};
/* End PBXReferenceProxy section */

/* Begin PBXResourcesBuildPhase section */
		276408B02124611500D6171E /* Resources */ = {
			isa = PBXResourcesBuildPhase;
			buildActionMask = 2147483647;
			files = (
			);
			runOnlyForDeploymentPostprocessing = 0;
		};
		C54FA8A61D21006000A0D3C3 /* Resources */ = {
			isa = PBXResourcesBuildPhase;
			buildActionMask = 2147483647;
			files = (
				6A3488481F453803008223AA /* 5.png in Resources */,
				2707294120F24F0D00DA051F /* bd.zip in Resources */,
				6AF9DDBB1FA97A6000F6B4F7 /* art.scnassets in Resources */,
				6A3488431F453803008223AA /* 0.png in Resources */,
				6A03892B1FF13004005AC7CE /* Particle.png in Resources */,
				2707294320F24F0D00DA051F /* lb.zip in Resources */,
				6A34884E1F453803008223AA /* index4.png in Resources */,
				6A34884A1F453803008223AA /* index0.png in Resources */,
				C561ACA41D51D3DC00113453 /* Main.storyboard in Resources */,
				6A34884B1F453803008223AA /* index1.png in Resources */,
				6A34884C1F453803008223AA /* index2.png in Resources */,
				2707293C20F24DAD00DA051F /* track_data.dat in Resources */,
				6A34884F1F453803008223AA /* index5.png in Resources */,
				6A3488451F453803008223AA /* 2.png in Resources */,
				6A34884D1F453803008223AA /* index3.png in Resources */,
				6A3488461F453803008223AA /* 3.png in Resources */,
				6A7B2C671EFBBEF10036CE92 /* OrganRun.m4a in Resources */,
				6A582239202AF473002AFF76 /* client.json in Resources */,
				C561AC9C1D51D3DC00113453 /* Assets.xcassets in Resources */,
				2707298C20F389C400DA051F /* ios.h264 in Resources */,
				C561ACA31D51D3DC00113453 /* LaunchScreen.storyboard in Resources */,
				6A85F9951F00F0B10037A64F /* MixTest.mp3 in Resources */,
				2707294220F24F0D00DA051F /* hkbs.zip in Resources */,
				6A3488471F453803008223AA /* 4.png in Resources */,
				6A3488441F453803008223AA /* 1.png in Resources */,
				2707294420F24F0D00DA051F /* bear.zip in Resources */,
			);
			runOnlyForDeploymentPostprocessing = 0;
		};
/* End PBXResourcesBuildPhase section */

/* Begin PBXShellScriptBuildPhase section */
		276408C32124615A00D6171E /* ShellScript */ = {
			isa = PBXShellScriptBuildPhase;
			buildActionMask = 2147483647;
			files = (
			);
			inputPaths = (
			);
			outputPaths = (
			);
			runOnlyForDeploymentPostprocessing = 0;
			shellPath = /bin/sh;
			shellScript = "if [ ! -d \"./GJLiveEngine/.git\" ]; then\nrm -rf ./GJLiveEngine\ngit clone git@github.com:MinorUncle/GJLiveEngine.git\nelif [ ! -d \"./GJLiveEngine/GJLiveEngine.framework\" ]; then\ncd GJLiveEngine\ngit pull\ngit checkout .\ncd ..\nfi";
		};
/* End PBXShellScriptBuildPhase section */

/* Begin PBXSourcesBuildPhase section */
		276408AE2124611500D6171E /* Sources */ = {
			isa = PBXSourcesBuildPhase;
			buildActionMask = 2147483647;
			files = (
				276408B82124611500D6171E /* SourceEditorExtension.m in Sources */,
				276408BB2124611500D6171E /* SourceEditorCommand.m in Sources */,
			);
			runOnlyForDeploymentPostprocessing = 0;
		};
		C54FA8A41D21006000A0D3C3 /* Sources */ = {
			isa = PBXSourcesBuildPhase;
			buildActionMask = 2147483647;
			files = (
				2707293420F24C9E00DA051F /* unzip.c in Sources */,
				C561AC9B1D51D3DC00113453 /* AppDelegate.m in Sources */,
				2707293720F24C9E00DA051F /* mztools.c in Sources */,
				2707293620F24C9E00DA051F /* ioapi.c in Sources */,
				275299C72118368B00DD0403 /* LIveStartViewController.m in Sources */,
				6AF9DDB91FA976A100F6B4F7 /* GJSunSystemARScene.m in Sources */,
				C561ACB51D51D3DC00113453 /* main.m in Sources */,
				2707293820F24C9E00DA051F /* ZipArchive.m in Sources */,
				2707293520F24C9E00DA051F /* zip.c in Sources */,
				6A04022020CA5A190098A86C /* GJLivePushViewController.m in Sources */,
			);
			runOnlyForDeploymentPostprocessing = 0;
		};
/* End PBXSourcesBuildPhase section */

/* Begin PBXTargetDependency section */
		276408C22124613E00D6171E /* PBXTargetDependency */ = {
			isa = PBXTargetDependency;
			target = 276408B12124611500D6171E /* GJCaptureToolConfig */;
			targetProxy = 276408C12124613E00D6171E /* PBXContainerItemProxy */;
		};
/* End PBXTargetDependency section */

/* Begin PBXVariantGroup section */
		C561ABFA1D51D3DC00113453 /* LaunchScreen.storyboard */ = {
			isa = PBXVariantGroup;
			children = (
				C561ABFB1D51D3DC00113453 /* Base */,
			);
			name = LaunchScreen.storyboard;
			sourceTree = "<group>";
		};
		C561ABFC1D51D3DC00113453 /* Main.storyboard */ = {
			isa = PBXVariantGroup;
			children = (
				C561ABFD1D51D3DC00113453 /* Base */,
			);
			name = Main.storyboard;
			sourceTree = "<group>";
		};
/* End PBXVariantGroup section */

/* Begin XCBuildConfiguration section */
		276408BF2124611500D6171E /* Debug */ = {
			isa = XCBuildConfiguration;
			buildSettings = {
				CLANG_ANALYZER_NUMBER_OBJECT_CONVERSION = YES_AGGRESSIVE;
				CLANG_CXX_LANGUAGE_STANDARD = "gnu++14";
				CLANG_ENABLE_OBJC_WEAK = YES;
				CLANG_WARN_BLOCK_CAPTURE_AUTORELEASING = YES;
				CLANG_WARN_COMMA = YES;
				CLANG_WARN_DEPRECATED_OBJC_IMPLEMENTATIONS = YES;
				CLANG_WARN_DOCUMENTATION_COMMENTS = YES;
				CLANG_WARN_NON_LITERAL_NULL_CONVERSION = YES;
				CLANG_WARN_OBJC_IMPLICIT_RETAIN_SELF = YES;
				CLANG_WARN_OBJC_LITERAL_CONVERSION = YES;
				CLANG_WARN_RANGE_LOOP_ANALYSIS = YES;
				CLANG_WARN_STRICT_PROTOTYPES = YES;
				CLANG_WARN_UNGUARDED_AVAILABILITY = YES_AGGRESSIVE;
				CODE_SIGN_ENTITLEMENTS = GJCaptureToolConfig/GJCaptureToolConfig.entitlements;
				CODE_SIGN_IDENTITY = "Mac Developer";
				CODE_SIGN_STYLE = Automatic;
				COMBINE_HIDPI_IMAGES = YES;
				DEVELOPMENT_TEAM = 9VXBV77545;
				GCC_C_LANGUAGE_STANDARD = gnu11;
				INFOPLIST_FILE = GJCaptureToolConfig/Info.plist;
				LD_RUNPATH_SEARCH_PATHS = "$(inherited) @executable_path/../Frameworks @executable_path/../../../../Frameworks";
				MACOSX_DEPLOYMENT_TARGET = 10.13;
				PRODUCT_BUNDLE_IDENTIFIER = GJ.GJCaptureToolConfig;
				PRODUCT_NAME = "$(TARGET_NAME)";
				SDKROOT = macosx;
				SKIP_INSTALL = YES;
			};
			name = Debug;
		};
		276408C02124611500D6171E /* Release */ = {
			isa = XCBuildConfiguration;
			buildSettings = {
				CLANG_ANALYZER_NUMBER_OBJECT_CONVERSION = YES_AGGRESSIVE;
				CLANG_CXX_LANGUAGE_STANDARD = "gnu++14";
				CLANG_ENABLE_OBJC_WEAK = YES;
				CLANG_WARN_BLOCK_CAPTURE_AUTORELEASING = YES;
				CLANG_WARN_COMMA = YES;
				CLANG_WARN_DEPRECATED_OBJC_IMPLEMENTATIONS = YES;
				CLANG_WARN_DOCUMENTATION_COMMENTS = YES;
				CLANG_WARN_NON_LITERAL_NULL_CONVERSION = YES;
				CLANG_WARN_OBJC_IMPLICIT_RETAIN_SELF = YES;
				CLANG_WARN_OBJC_LITERAL_CONVERSION = YES;
				CLANG_WARN_RANGE_LOOP_ANALYSIS = YES;
				CLANG_WARN_STRICT_PROTOTYPES = YES;
				CLANG_WARN_UNGUARDED_AVAILABILITY = YES_AGGRESSIVE;
				CODE_SIGN_ENTITLEMENTS = GJCaptureToolConfig/GJCaptureToolConfig.entitlements;
				CODE_SIGN_IDENTITY = "Mac Developer";
				CODE_SIGN_STYLE = Automatic;
				COMBINE_HIDPI_IMAGES = YES;
				DEVELOPMENT_TEAM = 9VXBV77545;
				GCC_C_LANGUAGE_STANDARD = gnu11;
				INFOPLIST_FILE = GJCaptureToolConfig/Info.plist;
				LD_RUNPATH_SEARCH_PATHS = "$(inherited) @executable_path/../Frameworks @executable_path/../../../../Frameworks";
				MACOSX_DEPLOYMENT_TARGET = 10.13;
				PRODUCT_BUNDLE_IDENTIFIER = GJ.GJCaptureToolConfig;
				PRODUCT_NAME = "$(TARGET_NAME)";
				SDKROOT = macosx;
				SKIP_INSTALL = YES;
			};
			name = Release;
		};
		C54FA8BD1D21006100A0D3C3 /* Debug */ = {
			isa = XCBuildConfiguration;
			buildSettings = {
				ALWAYS_SEARCH_USER_PATHS = NO;
				CLANG_ANALYZER_NONNULL = YES;
				CLANG_CXX_LANGUAGE_STANDARD = "gnu++0x";
				CLANG_CXX_LIBRARY = "libc++";
				CLANG_ENABLE_MODULES = YES;
				CLANG_ENABLE_OBJC_ARC = YES;
				CLANG_WARN_BOOL_CONVERSION = YES;
				CLANG_WARN_CONSTANT_CONVERSION = YES;
				CLANG_WARN_DIRECT_OBJC_ISA_USAGE = YES_ERROR;
				CLANG_WARN_EMPTY_BODY = YES;
				CLANG_WARN_ENUM_CONVERSION = YES;
				CLANG_WARN_INFINITE_RECURSION = YES;
				CLANG_WARN_INT_CONVERSION = YES;
				CLANG_WARN_OBJC_ROOT_CLASS = YES_ERROR;
				CLANG_WARN_SUSPICIOUS_MOVE = YES;
				CLANG_WARN_UNREACHABLE_CODE = YES;
				CLANG_WARN__DUPLICATE_METHOD_MATCH = YES;
				"CODE_SIGN_IDENTITY[sdk=iphoneos*]" = "iPhone Developer";
				COPY_PHASE_STRIP = NO;
				DEBUG_INFORMATION_FORMAT = dwarf;
				ENABLE_BITCODE = NO;
				ENABLE_STRICT_OBJC_MSGSEND = YES;
				ENABLE_TESTABILITY = YES;
				GCC_C_LANGUAGE_STANDARD = gnu99;
				GCC_DYNAMIC_NO_PIC = NO;
				GCC_NO_COMMON_BLOCKS = YES;
				GCC_OPTIMIZATION_LEVEL = 0;
				GCC_PREPROCESSOR_DEFINITIONS = (
					"DEBUG=1",
					"$(inherited)",
				);
				GCC_WARN_64_TO_32_BIT_CONVERSION = YES;
				GCC_WARN_ABOUT_RETURN_TYPE = YES_ERROR;
				GCC_WARN_UNDECLARED_SELECTOR = YES;
				GCC_WARN_UNINITIALIZED_AUTOS = YES_AGGRESSIVE;
				GCC_WARN_UNUSED_FUNCTION = YES;
				GCC_WARN_UNUSED_VARIABLE = YES;
				HEADER_SEARCH_PATHS = (
					"\"$(SRCROOT)/GJCaptureTool/FFmpeg/include\"",
					"\"$(SRCROOT)/../GJMp4Demo/Mp4v2Code/include\"/**",
				);
				IPHONEOS_DEPLOYMENT_TARGET = 9.3;
				MTL_ENABLE_DEBUG_INFO = YES;
				ONLY_ACTIVE_ARCH = YES;
				SDKROOT = iphoneos;
			};
			name = Debug;
		};
		C54FA8BE1D21006100A0D3C3 /* Release */ = {
			isa = XCBuildConfiguration;
			buildSettings = {
				ALWAYS_SEARCH_USER_PATHS = NO;
				CLANG_ANALYZER_NONNULL = YES;
				CLANG_CXX_LANGUAGE_STANDARD = "gnu++0x";
				CLANG_CXX_LIBRARY = "libc++";
				CLANG_ENABLE_MODULES = YES;
				CLANG_ENABLE_OBJC_ARC = YES;
				CLANG_WARN_BOOL_CONVERSION = YES;
				CLANG_WARN_CONSTANT_CONVERSION = YES;
				CLANG_WARN_DIRECT_OBJC_ISA_USAGE = YES_ERROR;
				CLANG_WARN_EMPTY_BODY = YES;
				CLANG_WARN_ENUM_CONVERSION = YES;
				CLANG_WARN_INFINITE_RECURSION = YES;
				CLANG_WARN_INT_CONVERSION = YES;
				CLANG_WARN_OBJC_ROOT_CLASS = YES_ERROR;
				CLANG_WARN_SUSPICIOUS_MOVE = YES;
				CLANG_WARN_UNREACHABLE_CODE = YES;
				CLANG_WARN__DUPLICATE_METHOD_MATCH = YES;
				"CODE_SIGN_IDENTITY[sdk=iphoneos*]" = "iPhone Developer";
				COPY_PHASE_STRIP = NO;
				DEBUG_INFORMATION_FORMAT = "dwarf-with-dsym";
				ENABLE_BITCODE = NO;
				ENABLE_NS_ASSERTIONS = NO;
				ENABLE_STRICT_OBJC_MSGSEND = YES;
				GCC_C_LANGUAGE_STANDARD = gnu99;
				GCC_NO_COMMON_BLOCKS = YES;
				GCC_WARN_64_TO_32_BIT_CONVERSION = YES;
				GCC_WARN_ABOUT_RETURN_TYPE = YES_ERROR;
				GCC_WARN_UNDECLARED_SELECTOR = YES;
				GCC_WARN_UNINITIALIZED_AUTOS = YES_AGGRESSIVE;
				GCC_WARN_UNUSED_FUNCTION = YES;
				GCC_WARN_UNUSED_VARIABLE = YES;
				HEADER_SEARCH_PATHS = (
					"\"$(SRCROOT)/GJCaptureTool/FFmpeg/include\"",
					"\"$(SRCROOT)/../GJMp4Demo/Mp4v2Code/include\"/**",
				);
				IPHONEOS_DEPLOYMENT_TARGET = 9.3;
				MTL_ENABLE_DEBUG_INFO = NO;
				SDKROOT = iphoneos;
				VALIDATE_PRODUCT = YES;
			};
			name = Release;
		};
		C54FA8C01D21006100A0D3C3 /* Debug */ = {
			isa = XCBuildConfiguration;
			buildSettings = {
				ASSETCATALOG_COMPILER_APPICON_NAME = AppIcon;
				CODE_SIGN_IDENTITY = "iPhone Developer";
				"CODE_SIGN_IDENTITY[sdk=iphoneos*]" = "iPhone Developer";
				DEBUG_INFORMATION_FORMAT = "dwarf-with-dsym";
				DEVELOPMENT_TEAM = K7MDP8Y272;
				ENABLE_BITCODE = NO;
				FRAMEWORK_SEARCH_PATHS = (
					"$(inherited)",
					"$(PROJECT_DIR)",
					"$(PROJECT_DIR)/GJLiveEngine",
				);
				HEADER_SEARCH_PATHS = "";
				INFOPLIST_FILE = "GJCaptureTool/Support Files/Info.plist";
				IPHONEOS_DEPLOYMENT_TARGET = 8.0;
				LD_RUNPATH_SEARCH_PATHS = "$(inherited) @executable_path/Frameworks";
				LIBRARY_SEARCH_PATHS = "$(inherited)";
				PRODUCT_BUNDLE_IDENTIFIER = com.melot.engine;
				PRODUCT_NAME = GJCaptureTool;
				PROVISIONING_PROFILE = "";
				PROVISIONING_PROFILE_SPECIFIER = "";
				USER_HEADER_SEARCH_PATHS = "";
			};
			name = Debug;
		};
		C54FA8C11D21006100A0D3C3 /* Release */ = {
			isa = XCBuildConfiguration;
			buildSettings = {
				ASSETCATALOG_COMPILER_APPICON_NAME = AppIcon;
				CODE_SIGN_IDENTITY = "iPhone Distribution";
				"CODE_SIGN_IDENTITY[sdk=iphoneos*]" = "iPhone Developer";
				DEVELOPMENT_TEAM = K7MDP8Y272;
				ENABLE_BITCODE = NO;
				FRAMEWORK_SEARCH_PATHS = (
					"$(inherited)",
					"$(PROJECT_DIR)",
					"$(PROJECT_DIR)/GJLiveEngine",
				);
				HEADER_SEARCH_PATHS = "";
				INFOPLIST_FILE = "GJCaptureTool/Support Files/Info.plist";
				IPHONEOS_DEPLOYMENT_TARGET = 8.0;
				LD_RUNPATH_SEARCH_PATHS = "$(inherited) @executable_path/Frameworks";
				LIBRARY_SEARCH_PATHS = "$(inherited)";
				ONLY_ACTIVE_ARCH = YES;
				PRODUCT_BUNDLE_IDENTIFIER = com.melot.engine;
				PRODUCT_NAME = GJCaptureTool;
				PROVISIONING_PROFILE = "";
				PROVISIONING_PROFILE_SPECIFIER = "";
				USER_HEADER_SEARCH_PATHS = "";
			};
			name = Release;
		};
/* End XCBuildConfiguration section */

/* Begin XCConfigurationList section */
		276408BE2124611500D6171E /* Build configuration list for PBXNativeTarget "GJCaptureToolConfig" */ = {
			isa = XCConfigurationList;
			buildConfigurations = (
				276408BF2124611500D6171E /* Debug */,
				276408C02124611500D6171E /* Release */,
			);
			defaultConfigurationIsVisible = 0;
			defaultConfigurationName = Release;
		};
		C54FA8A31D21006000A0D3C3 /* Build configuration list for PBXProject "GJCaptureTool" */ = {
			isa = XCConfigurationList;
			buildConfigurations = (
				C54FA8BD1D21006100A0D3C3 /* Debug */,
				C54FA8BE1D21006100A0D3C3 /* Release */,
			);
			defaultConfigurationIsVisible = 0;
			defaultConfigurationName = Release;
		};
		C54FA8BF1D21006100A0D3C3 /* Build configuration list for PBXNativeTarget "GJCaptureTool" */ = {
			isa = XCConfigurationList;
			buildConfigurations = (
				C54FA8C01D21006100A0D3C3 /* Debug */,
				C54FA8C11D21006100A0D3C3 /* Release */,
			);
			defaultConfigurationIsVisible = 0;
			defaultConfigurationName = Release;
		};
/* End XCConfigurationList section */
	};
	rootObject = C54FA8A01D21006000A0D3C3 /* Project object */;
}
